// !$*UTF8*$!
{
	archiveVersion = 1;
	classes = {
	};
	objectVersion = 46;
	objects = {

/* Begin PBXBuildFile section */
		4FA0A31A17EB7B8400492DF9 /* main.m in Sources */ = {isa = PBXBuildFile; fileRef = 4FA0A31917EB7B8400492DF9 /* main.m */; };
		4FA0A32A17EB7BFF00492DF9 /* N3BezierCore.m in Sources */ = {isa = PBXBuildFile; fileRef = 4FA0A32517EB7BFF00492DF9 /* N3BezierCore.m */; };
		4FA0A32B17EB7BFF00492DF9 /* N3BezierPath.m in Sources */ = {isa = PBXBuildFile; fileRef = 4FA0A32717EB7BFF00492DF9 /* N3BezierPath.m */; };
		4FA0A32C17EB7BFF00492DF9 /* N3Geometry.m in Sources */ = {isa = PBXBuildFile; fileRef = 4FA0A32917EB7BFF00492DF9 /* N3Geometry.m */; };
		4FA0A32F17EB7CB100492DF9 /* N3BezierCoreAdditions.m in Sources */ = {isa = PBXBuildFile; fileRef = 4FA0A32E17EB7CB100492DF9 /* N3BezierCoreAdditions.m */; };
		4FA0A33B17EB898500492DF9 /* CPRCurvedPath.m in Sources */ = {isa = PBXBuildFile; fileRef = 4FA0A33A17EB898500492DF9 /* CPRCurvedPath.m */; };
		4FAFA505180D706800D74B8A /* Accelerate.framework in Frameworks */ = {isa = PBXBuildFile; fileRef = 4FAFA504180D706800D74B8A /* Accelerate.framework */; };
		4FAFA507180D712300D74B8A /* QuartzCore.framework in Frameworks */ = {isa = PBXBuildFile; fileRef = 4FAFA506180D712300D74B8A /* QuartzCore.framework */; };
		4FAFA509180D712A00D74B8A /* Foundation.framework in Frameworks */ = {isa = PBXBuildFile; fileRef = 4FAFA508180D712A00D74B8A /* Foundation.framework */; };
/* End PBXBuildFile section */

/* Begin PBXCopyFilesBuildPhase section */
		4FA0A31117EB7B8400492DF9 /* CopyFiles */ = {
			isa = PBXCopyFilesBuildPhase;
			buildActionMask = 2147483647;
			dstPath = /usr/share/man/man1/;
			dstSubfolderSpec = 0;
			files = (
			);
			runOnlyForDeploymentPostprocessing = 1;
		};
/* End PBXCopyFilesBuildPhase section */

/* Begin PBXFileReference section */
		4FA0A31317EB7B8400492DF9 /* curvedPathDecoder */ = {isa = PBXFileReference; explicitFileType = "compiled.mach-o.executable"; includeInIndex = 0; path = curvedPathDecoder; sourceTree = BUILT_PRODUCTS_DIR; };
		4FA0A31917EB7B8400492DF9 /* main.m */ = {isa = PBXFileReference; lastKnownFileType = sourcecode.c.objc; path = main.m; sourceTree = "<group>"; };
		4FA0A32417EB7BFF00492DF9 /* N3BezierCore.h */ = {isa = PBXFileReference; fileEncoding = 4; lastKnownFileType = sourcecode.c.h; path = N3BezierCore.h; sourceTree = "<group>"; };
		4FA0A32517EB7BFF00492DF9 /* N3BezierCore.m */ = {isa = PBXFileReference; fileEncoding = 4; lastKnownFileType = sourcecode.c.objc; path = N3BezierCore.m; sourceTree = "<group>"; };
		4FA0A32617EB7BFF00492DF9 /* N3BezierPath.h */ = {isa = PBXFileReference; fileEncoding = 4; lastKnownFileType = sourcecode.c.h; path = N3BezierPath.h; sourceTree = "<group>"; };
		4FA0A32717EB7BFF00492DF9 /* N3BezierPath.m */ = {isa = PBXFileReference; fileEncoding = 4; lastKnownFileType = sourcecode.c.objc; path = N3BezierPath.m; sourceTree = "<group>"; };
		4FA0A32817EB7BFF00492DF9 /* N3Geometry.h */ = {isa = PBXFileReference; fileEncoding = 4; lastKnownFileType = sourcecode.c.h; path = N3Geometry.h; sourceTree = "<group>"; };
		4FA0A32917EB7BFF00492DF9 /* N3Geometry.m */ = {isa = PBXFileReference; fileEncoding = 4; lastKnownFileType = sourcecode.c.objc; path = N3Geometry.m; sourceTree = "<group>"; };
		4FA0A32D17EB7CB100492DF9 /* N3BezierCoreAdditions.h */ = {isa = PBXFileReference; fileEncoding = 4; lastKnownFileType = sourcecode.c.h; path = N3BezierCoreAdditions.h; sourceTree = "<group>"; };
		4FA0A32E17EB7CB100492DF9 /* N3BezierCoreAdditions.m */ = {isa = PBXFileReference; fileEncoding = 4; lastKnownFileType = sourcecode.c.objc; path = N3BezierCoreAdditions.m; sourceTree = "<group>"; };
		4FA0A33917EB898500492DF9 /* CPRCurvedPath.h */ = {isa = PBXFileReference; fileEncoding = 4; lastKnownFileType = sourcecode.c.h; path = CPRCurvedPath.h; sourceTree = "<group>"; };
		4FA0A33A17EB898500492DF9 /* CPRCurvedPath.m */ = {isa = PBXFileReference; fileEncoding = 4; lastKnownFileType = sourcecode.c.objc; path = CPRCurvedPath.m; sourceTree = "<group>"; };
		4FAFA4FD180D6D2D00D74B8A /* Info.plist */ = {isa = PBXFileReference; fileEncoding = 4; lastKnownFileType = text.plist.xml; path = Info.plist; sourceTree = "<group>"; };
		4FAFA504180D706800D74B8A /* Accelerate.framework */ = {isa = PBXFileReference; lastKnownFileType = wrapper.framework; name = Accelerate.framework; path = System/Library/Frameworks/Accelerate.framework; sourceTree = SDKROOT; };
		4FAFA506180D712300D74B8A /* QuartzCore.framework */ = {isa = PBXFileReference; lastKnownFileType = wrapper.framework; name = QuartzCore.framework; path = System/Library/Frameworks/QuartzCore.framework; sourceTree = SDKROOT; };
		4FAFA508180D712A00D74B8A /* Foundation.framework */ = {isa = PBXFileReference; lastKnownFileType = wrapper.framework; name = Foundation.framework; path = System/Library/Frameworks/Foundation.framework; sourceTree = SDKROOT; };
		4FAFA50A180D798C00D74B8A /* CurvedPathDecoder-Prefix.pch */ = {isa = PBXFileReference; fileEncoding = 4; lastKnownFileType = sourcecode.c.h; path = "CurvedPathDecoder-Prefix.pch"; sourceTree = "<group>"; };
/* End PBXFileReference section */

/* Begin PBXFrameworksBuildPhase section */
		4FA0A31017EB7B8400492DF9 /* Frameworks */ = {
			isa = PBXFrameworksBuildPhase;
			buildActionMask = 2147483647;
			files = (
				4FAFA509180D712A00D74B8A /* Foundation.framework in Frameworks */,
				4FAFA507180D712300D74B8A /* QuartzCore.framework in Frameworks */,
				4FAFA505180D706800D74B8A /* Accelerate.framework in Frameworks */,
			);
			runOnlyForDeploymentPostprocessing = 0;
		};
/* End PBXFrameworksBuildPhase section */

/* Begin PBXGroup section */
		4FA0A30A17EB7B8400492DF9 = {
			isa = PBXGroup;
			children = (
				4FA0A31817EB7B8400492DF9 /* CurvedPathDecoder */,
				4FA0A31517EB7B8400492DF9 /* Frameworks */,
				4FA0A31417EB7B8400492DF9 /* Products */,
			);
			sourceTree = "<group>";
		};
		4FA0A31417EB7B8400492DF9 /* Products */ = {
			isa = PBXGroup;
			children = (
				4FA0A31317EB7B8400492DF9 /* curvedPathDecoder */,
			);
			name = Products;
			sourceTree = "<group>";
		};
		4FA0A31517EB7B8400492DF9 /* Frameworks */ = {
			isa = PBXGroup;
			children = (
				4FAFA508180D712A00D74B8A /* Foundation.framework */,
				4FAFA506180D712300D74B8A /* QuartzCore.framework */,
				4FAFA504180D706800D74B8A /* Accelerate.framework */,
			);
			name = Frameworks;
			sourceTree = "<group>";
		};
		4FA0A31817EB7B8400492DF9 /* CurvedPathDecoder */ = {
			isa = PBXGroup;
			children = (
				4FA0A33917EB898500492DF9 /* CPRCurvedPath.h */,
				4FA0A33A17EB898500492DF9 /* CPRCurvedPath.m */,
				4FA0A32417EB7BFF00492DF9 /* N3BezierCore.h */,
				4FA0A32517EB7BFF00492DF9 /* N3BezierCore.m */,
				4FA0A32D17EB7CB100492DF9 /* N3BezierCoreAdditions.h */,
				4FA0A32E17EB7CB100492DF9 /* N3BezierCoreAdditions.m */,
				4FA0A32617EB7BFF00492DF9 /* N3BezierPath.h */,
				4FA0A32717EB7BFF00492DF9 /* N3BezierPath.m */,
				4FA0A32817EB7BFF00492DF9 /* N3Geometry.h */,
				4FA0A32917EB7BFF00492DF9 /* N3Geometry.m */,
				4FA0A31917EB7B8400492DF9 /* main.m */,
				4FA0A31B17EB7B8400492DF9 /* Supporting Files */,
			);
			path = CurvedPathDecoder;
			sourceTree = "<group>";
		};
		4FA0A31B17EB7B8400492DF9 /* Supporting Files */ = {
			isa = PBXGroup;
			children = (
				4FAFA50A180D798C00D74B8A /* CurvedPathDecoder-Prefix.pch */,
				4FAFA4FD180D6D2D00D74B8A /* Info.plist */,
			);
			name = "Supporting Files";
			sourceTree = "<group>";
		};
/* End PBXGroup section */

/* Begin PBXNativeTarget section */
		4FA0A31217EB7B8400492DF9 /* CurvedPathDecoder */ = {
			isa = PBXNativeTarget;
			buildConfigurationList = 4FA0A32117EB7B8400492DF9 /* Build configuration list for PBXNativeTarget "CurvedPathDecoder" */;
			buildPhases = (
				4FA0A30F17EB7B8400492DF9 /* Sources */,
				4FA0A31017EB7B8400492DF9 /* Frameworks */,
				4FA0A31117EB7B8400492DF9 /* CopyFiles */,
			);
			buildRules = (
			);
			dependencies = (
			);
			name = CurvedPathDecoder;
			productName = CurvedPathDecoder;
			productReference = 4FA0A31317EB7B8400492DF9 /* curvedPathDecoder */;
			productType = "com.apple.product-type.tool";
		};
/* End PBXNativeTarget section */

/* Begin PBXProject section */
		4FA0A30B17EB7B8400492DF9 /* Project object */ = {
			isa = PBXProject;
			attributes = {
				LastUpgradeCheck = 0500;
				ORGANIZATIONNAME = "Spaltenstein Natural Image";
			};
			buildConfigurationList = 4FA0A30E17EB7B8400492DF9 /* Build configuration list for PBXProject "CurvedPathDecoder" */;
			compatibilityVersion = "Xcode 3.2";
			developmentRegion = English;
			hasScannedForEncodings = 0;
			knownRegions = (
				en,
			);
			mainGroup = 4FA0A30A17EB7B8400492DF9;
			productRefGroup = 4FA0A31417EB7B8400492DF9 /* Products */;
			projectDirPath = "";
			projectRoot = "";
			targets = (
				4FA0A31217EB7B8400492DF9 /* CurvedPathDecoder */,
			);
		};
/* End PBXProject section */

/* Begin PBXSourcesBuildPhase section */
		4FA0A30F17EB7B8400492DF9 /* Sources */ = {
			isa = PBXSourcesBuildPhase;
			buildActionMask = 2147483647;
			files = (
				4FA0A32C17EB7BFF00492DF9 /* N3Geometry.m in Sources */,
				4FA0A32B17EB7BFF00492DF9 /* N3BezierPath.m in Sources */,
				4FA0A32A17EB7BFF00492DF9 /* N3BezierCore.m in Sources */,
				4FA0A31A17EB7B8400492DF9 /* main.m in Sources */,
				4FA0A32F17EB7CB100492DF9 /* N3BezierCoreAdditions.m in Sources */,
				4FA0A33B17EB898500492DF9 /* CPRCurvedPath.m in Sources */,
			);
			runOnlyForDeploymentPostprocessing = 0;
		};
/* End PBXSourcesBuildPhase section */

/* Begin XCBuildConfiguration section */
		4FA0A31F17EB7B8400492DF9 /* Debug */ = {
			isa = XCBuildConfiguration;
			buildSettings = {
				ALWAYS_SEARCH_USER_PATHS = NO;
				ARCHS = "$(ARCHS_STANDARD_64_BIT)";
				CLANG_CXX_LANGUAGE_STANDARD = "gnu++0x";
				CLANG_CXX_LIBRARY = "libc++";
				CLANG_ENABLE_OBJC_ARC = NO;
				CLANG_WARN_BOOL_CONVERSION = YES;
				CLANG_WARN_CONSTANT_CONVERSION = YES;
				CLANG_WARN_DIRECT_OBJC_ISA_USAGE = YES_ERROR;
				CLANG_WARN_EMPTY_BODY = YES;
				CLANG_WARN_ENUM_CONVERSION = YES;
				CLANG_WARN_INT_CONVERSION = YES;
				CLANG_WARN_OBJC_ROOT_CLASS = YES_ERROR;
				CLANG_WARN__DUPLICATE_METHOD_MATCH = YES;
				CODE_SIGN_IDENTITY = "Mac Developer";
				COPY_PHASE_STRIP = NO;
				GCC_C_LANGUAGE_STANDARD = gnu99;
				GCC_DYNAMIC_NO_PIC = NO;
				GCC_ENABLE_OBJC_EXCEPTIONS = YES;
				GCC_OPTIMIZATION_LEVEL = 0;
				GCC_PREFIX_HEADER = "CurvedPathDecoder/CurvedPathDecoder-Prefix.pch";
				GCC_PREPROCESSOR_DEFINITIONS = (
					"DEBUG=1",
					"$(inherited)",
				);
				GCC_SYMBOLS_PRIVATE_EXTERN = NO;
				GCC_WARN_64_TO_32_BIT_CONVERSION = YES;
				GCC_WARN_ABOUT_RETURN_TYPE = YES_ERROR;
				GCC_WARN_UNDECLARED_SELECTOR = YES;
				GCC_WARN_UNINITIALIZED_AUTOS = YES;
				GCC_WARN_UNUSED_FUNCTION = YES;
				GCC_WARN_UNUSED_VARIABLE = YES;
				MACOSX_DEPLOYMENT_TARGET = 10.7;
				ONLY_ACTIVE_ARCH = NO;
				SDKROOT = macosx10.8;
			};
			name = Debug;
		};
		4FA0A32017EB7B8400492DF9 /* Release */ = {
			isa = XCBuildConfiguration;
			buildSettings = {
				ALWAYS_SEARCH_USER_PATHS = NO;
				ARCHS = "$(ARCHS_STANDARD_64_BIT)";
				CLANG_CXX_LANGUAGE_STANDARD = "gnu++0x";
				CLANG_CXX_LIBRARY = "libc++";
				CLANG_ENABLE_OBJC_ARC = NO;
				CLANG_WARN_BOOL_CONVERSION = YES;
				CLANG_WARN_CONSTANT_CONVERSION = YES;
				CLANG_WARN_DIRECT_OBJC_ISA_USAGE = YES_ERROR;
				CLANG_WARN_EMPTY_BODY = YES;
				CLANG_WARN_ENUM_CONVERSION = YES;
				CLANG_WARN_INT_CONVERSION = YES;
				CLANG_WARN_OBJC_ROOT_CLASS = YES_ERROR;
				CLANG_WARN__DUPLICATE_METHOD_MATCH = YES;
				CODE_SIGN_IDENTITY = "Mac Developer";
				COPY_PHASE_STRIP = YES;
				DEBUG_INFORMATION_FORMAT = "dwarf-with-dsym";
				ENABLE_NS_ASSERTIONS = NO;
				GCC_C_LANGUAGE_STANDARD = gnu99;
				GCC_ENABLE_OBJC_EXCEPTIONS = YES;
				GCC_PREFIX_HEADER = "CurvedPathDecoder/CurvedPathDecoder-Prefix.pch";
				GCC_WARN_64_TO_32_BIT_CONVERSION = YES;
				GCC_WARN_ABOUT_RETURN_TYPE = YES_ERROR;
				GCC_WARN_UNDECLARED_SELECTOR = YES;
				GCC_WARN_UNINITIALIZED_AUTOS = YES;
				GCC_WARN_UNUSED_FUNCTION = YES;
				GCC_WARN_UNUSED_VARIABLE = YES;
				MACOSX_DEPLOYMENT_TARGET = 10.7;
				ONLY_ACTIVE_ARCH = NO;
				SDKROOT = macosx10.8;
			};
			name = Release;
		};
		4FA0A32217EB7B8400492DF9 /* Debug */ = {
			isa = XCBuildConfiguration;
			buildSettings = {
				GCC_PRECOMPILE_PREFIX_HEADER = YES;
				OTHER_LDFLAGS = (
					"-sectcreate",
					__TEXT,
					__info_plist,
					"$(SRCROOT)/CurvedPathDecoder/Info.plist",
				);
				PRODUCT_NAME = curvedPathDecoder;
			};
			name = Debug;
		};
		4FA0A32317EB7B8400492DF9 /* Release */ = {
			isa = XCBuildConfiguration;
			buildSettings = {
				GCC_PRECOMPILE_PREFIX_HEADER = YES;
				OTHER_LDFLAGS = (
					"-sectcreate",
					__TEXT,
					__info_plist,
					"$(SRCROOT)/CurvedPathDecoder/Info.plist",
				);
				PRODUCT_NAME = curvedPathDecoder;
			};
			name = Release;
		};
/* End XCBuildConfiguration section */

/* Begin XCConfigurationList section */
		4FA0A30E17EB7B8400492DF9 /* Build configuration list for PBXProject "CurvedPathDecoder" */ = {
			isa = XCConfigurationList;
			buildConfigurations = (
				4FA0A31F17EB7B8400492DF9 /* Debug */,
				4FA0A32017EB7B8400492DF9 /* Release */,
			);
			defaultConfigurationIsVisible = 0;
			defaultConfigurationName = Release;
		};
		4FA0A32117EB7B8400492DF9 /* Build configuration list for PBXNativeTarget "CurvedPathDecoder" */ = {
			isa = XCConfigurationList;
			buildConfigurations = (
				4FA0A32217EB7B8400492DF9 /* Debug */,
				4FA0A32317EB7B8400492DF9 /* Release */,
			);
			defaultConfigurationIsVisible = 0;
			defaultConfigurationName = Release;
		};
/* End XCConfigurationList section */
	};
	rootObject = 4FA0A30B17EB7B8400492DF9 /* Project object */;
}
